// !$*UTF8*$!
{
	archiveVersion = 1;
	classes = {
	};
	objectVersion = 56;
	objects = {

/* Begin PBXBuildFile section */
		A00100010000000000000001 /* HephCADApp/HephCADApp.swift in Sources */ = {isa = PBXBuildFile; fileRef = A00200010000000000000001 /* HephCADApp/HephCADApp.swift */; };
		A00100010000000000000002 /* HephCADApp/AppDelegate.swift in Sources */ = {isa = PBXBuildFile; fileRef = A00200010000000000000002 /* HephCADApp/AppDelegate.swift */; };
		A00100010000000000000003 /* HephCADApp/Workspace/WorkspaceState.swift in Sources */ = {isa = PBXBuildFile; fileRef = A00200010000000000000003 /* HephCADApp/Workspace/WorkspaceState.swift */; };
		A00100010000000000000004 /* HephCADApp/Workspace/WorkspaceRootView.swift in Sources */ = {isa = PBXBuildFile; fileRef = A00200010000000000000004 /* HephCADApp/Workspace/WorkspaceRootView.swift */; };
		A00100010000000000000005 /* HephCADApp/Viewer/ViewerWorkspaceView.swift in Sources */ = {isa = PBXBuildFile; fileRef = A00200010000000000000005 /* HephCADApp/Viewer/ViewerWorkspaceView.swift */; };
		A00100010000000000000006 /* HephCADApp/Viewer/ViewerContainer.swift in Sources */ = {isa = PBXBuildFile; fileRef = A00200010000000000000006 /* HephCADApp/Viewer/ViewerContainer.swift */; };
		A00100010000000000000007 /* HephCADApp/Inspector/InspectorSidebar.swift in Sources */ = {isa = PBXBuildFile; fileRef = A00200010000000000000007 /* HephCADApp/Inspector/InspectorSidebar.swift */; };
		A00100010000000000000008 /* ../../Sources/HephCADKernelBridge/objc/HCADKernelSession.mm in Sources */ = {isa = PBXBuildFile; fileRef = A00200010000000000000008 /* ../../Sources/HephCADKernelBridge/objc/HCADKernelSession.mm */; };
		A00100010000000000000009 /* ../../Sources/HephCADKernelBridge/objc/HCADOcctDocument.mm in Sources */ = {isa = PBXBuildFile; fileRef = A00200010000000000000009 /* ../../Sources/HephCADKernelBridge/objc/HCADOcctDocument.mm */; };
		A0010001000000000000000A /* ../../Sources/HephCADViewerBridge/HCADViewerViewController.mm in Sources */ = {isa = PBXBuildFile; fileRef = A0020001000000000000000A /* ../../Sources/HephCADViewerBridge/HCADViewerViewController.mm */; };
		A0010001000000000000000B /* HephCADApp/Resources/SampleModels/step/box.step in Resources */ = {isa = PBXBuildFile; fileRef = A0020001000000000000000B /* HephCADApp/Resources/SampleModels/step/box.step */; };
		A0010001000000000000000C /* HephCADApp/Resources/SampleModels/step/bracket.step in Resources */ = {isa = PBXBuildFile; fileRef = A0020001000000000000000C /* HephCADApp/Resources/SampleModels/step/bracket.step */; };
		A0010001000000000000000D /* HephCADApp/Resources/ReferenceImages/grid.png in Resources */ = {isa = PBXBuildFile; fileRef = A0020001000000000000000D /* HephCADApp/Resources/ReferenceImages/grid.png */; };
		A0010001000000000000000E /* UIKit.framework in Frameworks */ = {isa = PBXBuildFile; fileRef = A0020001000000000000000E /* UIKit.framework */; };
		A0010001000000000000000F /* Foundation.framework in Frameworks */ = {isa = PBXBuildFile; fileRef = A0020001000000000000000F /* Foundation.framework */; };
		A00100010000000000000010 /* SwiftUI.framework in Frameworks */ = {isa = PBXBuildFile; fileRef = A00200010000000000000010 /* SwiftUI.framework */; };
		A00100010000000000000011 /* ../../Sources/HephCADViewerBridge/HCADGLView.mm in Sources */ = {isa = PBXBuildFile; fileRef = A00200010000000000000011 /* ../../Sources/HephCADViewerBridge/HCADGLView.mm */; };
		A00100010000000000000012 /* ../../Sources/HephCADKernelBridge/objc/HCADOcctViewer.mm in Sources */ = {isa = PBXBuildFile; fileRef = A00200010000000000000012 /* ../../Sources/HephCADKernelBridge/objc/HCADOcctViewer.mm */; };
		A00100010000000000000013 /* ../../Sources/HephCADKernelBridge/objc/HCADCafShapePrs.mm in Sources */ = {isa = PBXBuildFile; fileRef = A00200010000000000000013 /* ../../Sources/HephCADKernelBridge/objc/HCADCafShapePrs.mm */; };
		A00100010000000000000014 /* HephCADApp/Resources/SampleModels/step/screw.step in Resources */ = {isa = PBXBuildFile; fileRef = A00200010000000000000014 /* HephCADApp/Resources/SampleModels/step/screw.step */; };
		A00100010000000000000015 /* OpenGLES.framework in Frameworks */ = {isa = PBXBuildFile; fileRef = A00200010000000000000015 /* OpenGLES.framework */; };
		A00100010000000000000016 /* QuartzCore.framework in Frameworks */ = {isa = PBXBuildFile; fileRef = A00200010000000000000016 /* QuartzCore.framework */; };
/* End PBXBuildFile section */

/* Begin PBXFileReference section */
		A00200010000000000000001 /* HephCADApp/HephCADApp.swift */ = {isa = PBXFileReference; lastKnownFileType = sourcecode.swift; path = HephCADApp/HephCADApp.swift; sourceTree = SOURCE_ROOT; };
		A00200010000000000000002 /* HephCADApp/AppDelegate.swift */ = {isa = PBXFileReference; lastKnownFileType = sourcecode.swift; path = HephCADApp/AppDelegate.swift; sourceTree = SOURCE_ROOT; };
		A00200010000000000000003 /* HephCADApp/Workspace/WorkspaceState.swift */ = {isa = PBXFileReference; lastKnownFileType = sourcecode.swift; path = HephCADApp/Workspace/WorkspaceState.swift; sourceTree = SOURCE_ROOT; };
		A00200010000000000000004 /* HephCADApp/Workspace/WorkspaceRootView.swift */ = {isa = PBXFileReference; lastKnownFileType = sourcecode.swift; path = HephCADApp/Workspace/WorkspaceRootView.swift; sourceTree = SOURCE_ROOT; };
		A00200010000000000000005 /* HephCADApp/Viewer/ViewerWorkspaceView.swift */ = {isa = PBXFileReference; lastKnownFileType = sourcecode.swift; path = HephCADApp/Viewer/ViewerWorkspaceView.swift; sourceTree = SOURCE_ROOT; };
		A00200010000000000000006 /* HephCADApp/Viewer/ViewerContainer.swift */ = {isa = PBXFileReference; lastKnownFileType = sourcecode.swift; path = HephCADApp/Viewer/ViewerContainer.swift; sourceTree = SOURCE_ROOT; };
		A00200010000000000000007 /* HephCADApp/Inspector/InspectorSidebar.swift */ = {isa = PBXFileReference; lastKnownFileType = sourcecode.swift; path = HephCADApp/Inspector/InspectorSidebar.swift; sourceTree = SOURCE_ROOT; };
		A00200010000000000000008 /* ../../Sources/HephCADKernelBridge/objc/HCADKernelSession.mm */ = {isa = PBXFileReference; lastKnownFileType = sourcecode.cpp.objcpp; path = ../../Sources/HephCADKernelBridge/objc/HCADKernelSession.mm; sourceTree = SOURCE_ROOT; };
		A00200010000000000000009 /* ../../Sources/HephCADKernelBridge/objc/HCADOcctDocument.mm */ = {isa = PBXFileReference; lastKnownFileType = sourcecode.cpp.objcpp; path = ../../Sources/HephCADKernelBridge/objc/HCADOcctDocument.mm; sourceTree = SOURCE_ROOT; };
		A0020001000000000000000A /* ../../Sources/HephCADViewerBridge/HCADViewerViewController.mm */ = {isa = PBXFileReference; lastKnownFileType = sourcecode.cpp.objcpp; path = ../../Sources/HephCADViewerBridge/HCADViewerViewController.mm; sourceTree = SOURCE_ROOT; };
		A0020001000000000000000B /* HephCADApp/Resources/SampleModels/step/box.step */ = {isa = PBXFileReference; lastKnownFileType = text; path = HephCADApp/Resources/SampleModels/step/box.step; sourceTree = SOURCE_ROOT; };
		A0020001000000000000000C /* HephCADApp/Resources/SampleModels/step/bracket.step */ = {isa = PBXFileReference; lastKnownFileType = text; path = HephCADApp/Resources/SampleModels/step/bracket.step; sourceTree = SOURCE_ROOT; };
		A0020001000000000000000D /* HephCADApp/Resources/ReferenceImages/grid.png */ = {isa = PBXFileReference; lastKnownFileType = image.png; path = HephCADApp/Resources/ReferenceImages/grid.png; sourceTree = SOURCE_ROOT; };
		A0020001000000000000000E /* UIKit.framework */ = {isa = PBXFileReference; lastKnownFileType = wrapper.framework; name = UIKit.framework; path = System/Library/Frameworks/UIKit.framework; sourceTree = SDKROOT; };
		A0020001000000000000000F /* Foundation.framework */ = {isa = PBXFileReference; lastKnownFileType = wrapper.framework; name = Foundation.framework; path = System/Library/Frameworks/Foundation.framework; sourceTree = SDKROOT; };
		A00200010000000000000010 /* SwiftUI.framework */ = {isa = PBXFileReference; lastKnownFileType = wrapper.framework; name = SwiftUI.framework; path = System/Library/Frameworks/SwiftUI.framework; sourceTree = SDKROOT; };
		A00200010000000000000011 /* ../../Sources/HephCADViewerBridge/HCADGLView.mm */ = {isa = PBXFileReference; lastKnownFileType = sourcecode.cpp.objcpp; path = ../../Sources/HephCADViewerBridge/HCADGLView.mm; sourceTree = SOURCE_ROOT; };
		A00200010000000000000012 /* ../../Sources/HephCADKernelBridge/objc/HCADOcctViewer.mm */ = {isa = PBXFileReference; lastKnownFileType = sourcecode.cpp.objcpp; path = ../../Sources/HephCADKernelBridge/objc/HCADOcctViewer.mm; sourceTree = SOURCE_ROOT; };
		A00200010000000000000013 /* ../../Sources/HephCADKernelBridge/objc/HCADCafShapePrs.mm */ = {isa = PBXFileReference; lastKnownFileType = sourcecode.cpp.objcpp; path = ../../Sources/HephCADKernelBridge/objc/HCADCafShapePrs.mm; sourceTree = SOURCE_ROOT; };
		A00200010000000000000014 /* HephCADApp/Resources/SampleModels/step/screw.step */ = {isa = PBXFileReference; lastKnownFileType = text; path = HephCADApp/Resources/SampleModels/step/screw.step; sourceTree = SOURCE_ROOT; };
		A00200010000000000000015 /* OpenGLES.framework */ = {isa = PBXFileReference; lastKnownFileType = wrapper.framework; name = OpenGLES.framework; path = System/Library/Frameworks/OpenGLES.framework; sourceTree = SDKROOT; };
		A00200010000000000000016 /* QuartzCore.framework */ = {isa = PBXFileReference; lastKnownFileType = wrapper.framework; name = QuartzCore.framework; path = System/Library/Frameworks/QuartzCore.framework; sourceTree = SDKROOT; };
		A00200010000000000000017 /* HephCADApp.app */ = {isa = PBXFileReference; explicitFileType = wrapper.application; includeInIndex = 0; path = HephCADApp.app; sourceTree = BUILT_PRODUCTS_DIR; };
		A00200010000000000000018 /* ../../Sources/HephCADKernelBridge/include/HCADKernelSession.h */ = {isa = PBXFileReference; lastKnownFileType = sourcecode.c.h; path = ../../Sources/HephCADKernelBridge/include/HCADKernelSession.h; sourceTree = SOURCE_ROOT; };
		A00200010000000000000019 /* ../../Sources/HephCADKernelBridge/objc/HCADOcctDocument.h */ = {isa = PBXFileReference; lastKnownFileType = sourcecode.c.h; path = ../../Sources/HephCADKernelBridge/objc/HCADOcctDocument.h; sourceTree = SOURCE_ROOT; };
		A0020001000000000000001A /* ../../Sources/HephCADKernelBridge/objc/HCADOcctViewer.h */ = {isa = PBXFileReference; lastKnownFileType = sourcecode.c.h; path = ../../Sources/HephCADKernelBridge/objc/HCADOcctViewer.h; sourceTree = SOURCE_ROOT; };
		A0020001000000000000001B /* ../../Sources/HephCADKernelBridge/objc/HCADCafShapePrs.h */ = {isa = PBXFileReference; lastKnownFileType = sourcecode.c.h; path = ../../Sources/HephCADKernelBridge/objc/HCADCafShapePrs.h; sourceTree = SOURCE_ROOT; };
		A0020001000000000000001C /* ../../Sources/HephCADViewerBridge/HCADViewerViewController.h */ = {isa = PBXFileReference; lastKnownFileType = sourcecode.c.h; path = ../../Sources/HephCADViewerBridge/HCADViewerViewController.h; sourceTree = SOURCE_ROOT; };
		A0020001000000000000001D /* ../../Sources/HephCADViewerBridge/HCADGLView.h */ = {isa = PBXFileReference; lastKnownFileType = sourcecode.c.h; path = ../../Sources/HephCADViewerBridge/HCADGLView.h; sourceTree = SOURCE_ROOT; };
		A0020001000000000000001E /* HephCADApp/HephCADApp-Bridging-Header.h */ = {isa = PBXFileReference; lastKnownFileType = sourcecode.c.h; path = "HephCADApp/HephCADApp-Bridging-Header.h"; sourceTree = SOURCE_ROOT; };
/* End PBXFileReference section */

/* Begin PBXFrameworksBuildPhase section */
		A00300010000000000000001 /* Frameworks */ = {
			isa = PBXFrameworksBuildPhase;
			buildActionMask = 2147483647;
			files = (
				A0010001000000000000000E /* UIKit.framework in Frameworks */,
				A0010001000000000000000F /* Foundation.framework in Frameworks */,
				A00100010000000000000010 /* SwiftUI.framework in Frameworks */,
				A00100010000000000000015 /* OpenGLES.framework in Frameworks */,
				A00100010000000000000016 /* QuartzCore.framework in Frameworks */,
			);
			runOnlyForDeploymentPostprocessing = 0;
		};
/* End PBXFrameworksBuildPhase section */

/* Begin PBXGroup section */
		A00400010000000000000001 = {
			isa = PBXGroup;
			children = (
				A00400010000000000000002 /* HephCADApp */,
				A00400010000000000000003 /* BridgeSources */,
				A00400010000000000000004 /* Frameworks */,
				A00400010000000000000005 /* Products */,
			);
			sourceTree = "<group>";
		};
		A00400010000000000000002 /* HephCADApp */ = {
			isa = PBXGroup;
			children = (
				A00200010000000000000001 /* HephCADApp/HephCADApp.swift */,
				A00200010000000000000002 /* HephCADApp/AppDelegate.swift */,
				A0020001000000000000001E /* HephCADApp/HephCADApp-Bridging-Header.h */,
				A00400010000000000000006 /* Workspace */,
				A00400010000000000000007 /* Viewer */,
				A00400010000000000000008 /* Inspector */,
				A00400010000000000000009 /* Resources */,
			);
			path = HephCADApp;
			sourceTree = SOURCE_ROOT;
		};
		A00400010000000000000003 /* BridgeSources */ = {
			isa = PBXGroup;
			children = (
				A00200010000000000000018 /* ../../Sources/HephCADKernelBridge/include/HCADKernelSession.h */,
				A00200010000000000000008 /* ../../Sources/HephCADKernelBridge/objc/HCADKernelSession.mm */,
				A00200010000000000000019 /* ../../Sources/HephCADKernelBridge/objc/HCADOcctDocument.h */,
				A00200010000000000000009 /* ../../Sources/HephCADKernelBridge/objc/HCADOcctDocument.mm */,
				A0020001000000000000001A /* ../../Sources/HephCADKernelBridge/objc/HCADOcctViewer.h */,
				A00200010000000000000012 /* ../../Sources/HephCADKernelBridge/objc/HCADOcctViewer.mm */,
				A0020001000000000000001B /* ../../Sources/HephCADKernelBridge/objc/HCADCafShapePrs.h */,
				A00200010000000000000013 /* ../../Sources/HephCADKernelBridge/objc/HCADCafShapePrs.mm */,
				A0020001000000000000001C /* ../../Sources/HephCADViewerBridge/HCADViewerViewController.h */,
				A0020001000000000000000A /* ../../Sources/HephCADViewerBridge/HCADViewerViewController.mm */,
				A0020001000000000000001D /* ../../Sources/HephCADViewerBridge/HCADGLView.h */,
				A00200010000000000000011 /* ../../Sources/HephCADViewerBridge/HCADGLView.mm */,
			);
			name = BridgeSources;
			sourceTree = "<group>";
		};
		A00400010000000000000004 /* Frameworks */ = {
			isa = PBXGroup;
			children = (
				A0020001000000000000000F /* Foundation.framework */,
				A00200010000000000000010 /* SwiftUI.framework */,
				A0020001000000000000000E /* UIKit.framework */,
				A00200010000000000000015 /* OpenGLES.framework */,
				A00200010000000000000016 /* QuartzCore.framework */,
			);
			name = Frameworks;
			sourceTree = "<group>";
		};
		A00400010000000000000005 /* Products */ = {
			isa = PBXGroup;
			children = (
				A00200010000000000000017 /* HephCADApp.app */,
			);
			name = Products;
			sourceTree = "<group>";
		};
		A00400010000000000000006 /* Workspace */ = {
			isa = PBXGroup;
			children = (
				A00200010000000000000003 /* HephCADApp/Workspace/WorkspaceState.swift */,
				A00200010000000000000004 /* HephCADApp/Workspace/WorkspaceRootView.swift */,
			);
			path = Workspace;
			sourceTree = "<group>";
		};
		A00400010000000000000007 /* Viewer */ = {
			isa = PBXGroup;
			children = (
				A00200010000000000000005 /* HephCADApp/Viewer/ViewerWorkspaceView.swift */,
				A00200010000000000000006 /* HephCADApp/Viewer/ViewerContainer.swift */,
			);
			path = Viewer;
			sourceTree = "<group>";
		};
		A00400010000000000000008 /* Inspector */ = {
			isa = PBXGroup;
			children = (
				A00200010000000000000007 /* HephCADApp/Inspector/InspectorSidebar.swift */,
			);
			path = Inspector;
			sourceTree = "<group>";
		};
		A00400010000000000000009 /* Resources */ = {
			isa = PBXGroup;
			children = (
				A0020001000000000000000B /* HephCADApp/Resources/SampleModels/step/box.step */,
				A0020001000000000000000C /* HephCADApp/Resources/SampleModels/step/bracket.step */,
				A00200010000000000000014 /* HephCADApp/Resources/SampleModels/step/screw.step */,
				A0020001000000000000000D /* HephCADApp/Resources/ReferenceImages/grid.png */,
			);
			path = Resources;
			sourceTree = "<group>";
		};
/* End PBXGroup section */

/* Begin PBXNativeTarget section */
		A00500010000000000000001 /* HephCADApp */ = {
			isa = PBXNativeTarget;
			buildConfigurationList = A00800010000000000000001 /* Build configuration list for PBXNativeTarget "HephCADApp" */;
			buildPhases = (
				A00300010000000000000002 /* Sources */,
				A00300010000000000000001 /* Frameworks */,
				A00300010000000000000003 /* Resources */,
			);
			buildRules = (
			);
			dependencies = (
			);
			name = HephCADApp;
			productName = HephCADApp;
			productReference = A00200010000000000000017 /* HephCADApp.app */;
			productType = "com.apple.product-type.application";
		};
/* End PBXNativeTarget section */

/* Begin PBXProject section */
		A00600010000000000000001 /* Project object */ = {
			isa = PBXProject;
			attributes = {
				BuildIndependentTargetsInParallel = 1;
				LastSwiftUpdateCheck = 1520;
				LastUpgradeCheck = 1520;
				TargetAttributes = {
					A00500010000000000000001 = {
						CreatedOnToolsVersion = 15.2;
					};
				};
			};
			buildConfigurationList = A00800010000000000000002 /* Build configuration list for PBXProject "HephCADApp" */;
			compatibilityVersion = "Xcode 14.0";
			developmentRegion = en;
			hasScannedForEncodings = 0;
			knownRegions = (
				en,
				Base,
			);
			mainGroup = A00400010000000000000001;
			productRefGroup = A00400010000000000000005 /* Products */;
			projectDirPath = "";
			projectRoot = "";
			targets = (
				A00500010000000000000001 /* HephCADApp */,
			);
		};
/* End PBXProject section */

/* Begin PBXResourcesBuildPhase section */
		A00300010000000000000003 /* Resources */ = {
			isa = PBXResourcesBuildPhase;
			buildActionMask = 2147483647;
			files = (
				A0010001000000000000000B /* HephCADApp/Resources/SampleModels/step/box.step in Resources */,
				A0010001000000000000000C /* HephCADApp/Resources/SampleModels/step/bracket.step in Resources */,
				A00100010000000000000014 /* HephCADApp/Resources/SampleModels/step/screw.step in Resources */,
				A0010001000000000000000D /* HephCADApp/Resources/ReferenceImages/grid.png in Resources */,
			);
			runOnlyForDeploymentPostprocessing = 0;
		};
/* End PBXResourcesBuildPhase section */

/* Begin PBXSourcesBuildPhase section */
		A00300010000000000000002 /* Sources */ = {
			isa = PBXSourcesBuildPhase;
			buildActionMask = 2147483647;
			files = (
				A00100010000000000000001 /* HephCADApp/HephCADApp.swift in Sources */,
				A00100010000000000000002 /* HephCADApp/AppDelegate.swift in Sources */,
				A00100010000000000000003 /* HephCADApp/Workspace/WorkspaceState.swift in Sources */,
				A00100010000000000000004 /* HephCADApp/Workspace/WorkspaceRootView.swift in Sources */,
				A00100010000000000000005 /* HephCADApp/Viewer/ViewerWorkspaceView.swift in Sources */,
				A00100010000000000000006 /* HephCADApp/Viewer/ViewerContainer.swift in Sources */,
				A00100010000000000000007 /* HephCADApp/Inspector/InspectorSidebar.swift in Sources */,
				A00100010000000000000008 /* ../../Sources/HephCADKernelBridge/objc/HCADKernelSession.mm in Sources */,
				A00100010000000000000009 /* ../../Sources/HephCADKernelBridge/objc/HCADOcctDocument.mm in Sources */,
				A0010001000000000000000A /* ../../Sources/HephCADViewerBridge/HCADViewerViewController.mm in Sources */,
				A00100010000000000000011 /* ../../Sources/HephCADViewerBridge/HCADGLView.mm in Sources */,
				A00100010000000000000012 /* ../../Sources/HephCADKernelBridge/objc/HCADOcctViewer.mm in Sources */,
				A00100010000000000000013 /* ../../Sources/HephCADKernelBridge/objc/HCADCafShapePrs.mm in Sources */,
			);
			runOnlyForDeploymentPostprocessing = 0;
		};
/* End PBXSourcesBuildPhase section */

/* Begin XCBuildConfiguration section */
		A00700010000000000000001 /* Debug */ = {
			isa = XCBuildConfiguration;
			buildSettings = {
				ALWAYS_SEARCH_USER_PATHS = NO;
				CLANG_ANALYZER_NONNULL = YES;
				CLANG_CXX_LANGUAGE_STANDARD = "gnu++17";
				CLANG_CXX_LIBRARY = "libc++";
				CLANG_ENABLE_MODULES = YES;
				CLANG_ENABLE_OBJC_ARC = YES;
				COPY_PHASE_STRIP = NO;
				DEBUG_INFORMATION_FORMAT = dwarf;
				ENABLE_STRICT_OBJC_MSGSEND = YES;
				GCC_C_LANGUAGE_STANDARD = gnu17;
				GCC_NO_COMMON_BLOCKS = YES;
				IPHONEOS_DEPLOYMENT_TARGET = 17.0;
				SDKROOT = auto;
				SUPPORTED_PLATFORMS = "iphoneos iphonesimulator";
				TARGETED_DEVICE_FAMILY = 2;
			};
			name = Debug;
		};
		A00700010000000000000002 /* Release */ = {
			isa = XCBuildConfiguration;
			buildSettings = {
				ALWAYS_SEARCH_USER_PATHS = NO;
				CLANG_ANALYZER_NONNULL = YES;
				CLANG_CXX_LANGUAGE_STANDARD = "gnu++17";
				CLANG_CXX_LIBRARY = "libc++";
				CLANG_ENABLE_MODULES = YES;
				CLANG_ENABLE_OBJC_ARC = YES;
				COPY_PHASE_STRIP = NO;
				DEBUG_INFORMATION_FORMAT = "dwarf-with-dsym";
				ENABLE_NS_ASSERTIONS = NO;
				ENABLE_STRICT_OBJC_MSGSEND = YES;
				GCC_C_LANGUAGE_STANDARD = gnu17;
				GCC_NO_COMMON_BLOCKS = YES;
				IPHONEOS_DEPLOYMENT_TARGET = 17.0;
				SDKROOT = auto;
				SUPPORTED_PLATFORMS = "iphoneos iphonesimulator";
				SWIFT_COMPILATION_MODE = wholemodule;
				TARGETED_DEVICE_FAMILY = 2;
			};
			name = Release;
		};
		A00700010000000000000003 /* Debug */ = {
			isa = XCBuildConfiguration;
			buildSettings = {
				ASSETCATALOG_COMPILER_GENERATE_SWIFT_ASSET_SYMBOL_EXTENSIONS = YES;
				CODE_SIGN_STYLE = Automatic;
				CURRENT_PROJECT_VERSION = 1;
				DEVELOPMENT_TEAM = 6Q3V8DX93Y;
				ENABLE_PREVIEWS = YES;
				GCC_PREPROCESSOR_DEFINITIONS = (
					"$(inherited)",
					"GLES_SILENCE_DEPRECATION=1",
				);
				GENERATE_INFOPLIST_FILE = YES;
				HEADER_SEARCH_PATHS = (
					"$(PROJECT_DIR)/../../Sources/HephCADKernelBridge/include",
					"$(PROJECT_DIR)/../../Sources/HephCADKernelBridge/objc",
					"$(PROJECT_DIR)/../../Sources/HephCADViewerBridge",
					"$(PROJECT_DIR)/../../third_party/build/occt/iphoneos/include/opencascade",
					"$(PROJECT_DIR)/../../third_party/build/occt/iphonesimulator/include/opencascade",
					"$(PROJECT_DIR)/../../third_party/build/occt/install/iphoneos/include/opencascade",
					"$(PROJECT_DIR)/../../third_party/build/occt/install/iphonesimulator/include/opencascade",
				);
				INFOPLIST_KEY_CFBundleDisplayName = HephCAD;
				INFOPLIST_KEY_UIApplicationSupportsIndirectInputEvents = YES;
				INFOPLIST_KEY_UILaunchScreen_Generation = YES;
				INFOPLIST_KEY_UISupportedInterfaceOrientations_iPad = "UIInterfaceOrientationPortrait UIInterfaceOrientationPortraitUpsideDown UIInterfaceOrientationLandscapeLeft UIInterfaceOrientationLandscapeRight";
				LD_RUNPATH_SEARCH_PATHS = (
					"$(inherited)",
					"@executable_path/Frameworks",
				);
				LIBRARY_SEARCH_PATHS = (
					"$(PROJECT_DIR)/../../third_party/build/occt/iphoneos/mac64/clang/lib",
					"$(PROJECT_DIR)/../../third_party/build/occt/iphonesimulator/mac64/clang/lib",
					"$(PROJECT_DIR)/../../third_party/build/occt/install/iphoneos/lib",
					"$(PROJECT_DIR)/../../third_party/build/occt/install/iphonesimulator/lib",
				);
				MTL_ENABLE_DEBUG_INFO = INCLUDE_SOURCE;
				OTHER_LDFLAGS = (
					"$(inherited)",
					"-lTKernel",
					"-lTKMath",
					"-lTKG2d",
					"-lTKG3d",
					"-lTKGeomBase",
					"-lTKGeomAlgo",
					"-lTKBRep",
					"-lTKTopAlgo",
					"-lTKMesh",
					"-lTKService",
					"-lTKV3d",
					"-lTKOpenGles",
					"-lTKDE",
					"-lTKXSBase",
					"-lTKDESTEP",
					"-lTKBinL",
					"-lTKBin",
					"-lTKBinXCAF",
					"-lTKCAF",
					"-lTKCDF",
					"-lTKLCAF",
					"-lTKXCAF",
					"-lTKVCAF",
					"-lTKPrim",
					"-lTKShHealing",
					"-lTKHLR",
					"-lTKBO",
				);
				PRODUCT_BUNDLE_IDENTIFIER = com.hephcad.app;
				PRODUCT_NAME = "$(TARGET_NAME)";
				SWIFT_EMIT_LOC_STRINGS = YES;
				SWIFT_OBJC_BRIDGING_HEADER = "HephCADApp/HephCADApp-Bridging-Header.h";
				SWIFT_VERSION = 5.0;
			};
			name = Debug;
		};
		A00700010000000000000004 /* Release */ = {
			isa = XCBuildConfiguration;
			buildSettings = {
				ASSETCATALOG_COMPILER_GENERATE_SWIFT_ASSET_SYMBOL_EXTENSIONS = YES;
				CODE_SIGN_STYLE = Automatic;
				CURRENT_PROJECT_VERSION = 1;
				DEVELOPMENT_TEAM = 6Q3V8DX93Y;
				ENABLE_PREVIEWS = YES;
				GCC_PREPROCESSOR_DEFINITIONS = (
					"$(inherited)",
					"GLES_SILENCE_DEPRECATION=1",
				);
				GENERATE_INFOPLIST_FILE = YES;
				HEADER_SEARCH_PATHS = (
					"$(PROJECT_DIR)/../../Sources/HephCADKernelBridge/include",
					"$(PROJECT_DIR)/../../Sources/HephCADKernelBridge/objc",
					"$(PROJECT_DIR)/../../Sources/HephCADViewerBridge",
					"$(PROJECT_DIR)/../../third_party/build/occt/iphoneos/include/opencascade",
					"$(PROJECT_DIR)/../../third_party/build/occt/iphonesimulator/include/opencascade",
					"$(PROJECT_DIR)/../../third_party/build/occt/install/iphoneos/include/opencascade",
					"$(PROJECT_DIR)/../../third_party/build/occt/install/iphonesimulator/include/opencascade",
				);
				INFOPLIST_KEY_CFBundleDisplayName = HephCAD;
				INFOPLIST_KEY_UIApplicationSupportsIndirectInputEvents = YES;
				INFOPLIST_KEY_UILaunchScreen_Generation = YES;
				INFOPLIST_KEY_UISupportedInterfaceOrientations_iPad = "UIInterfaceOrientationPortrait UIInterfaceOrientationPortraitUpsideDown UIInterfaceOrientationLandscapeLeft UIInterfaceOrientationLandscapeRight";
				LD_RUNPATH_SEARCH_PATHS = (
					"$(inherited)",
					"@executable_path/Frameworks",
				);
				LIBRARY_SEARCH_PATHS = (
					"$(PROJECT_DIR)/../../third_party/build/occt/iphoneos/mac64/clang/lib",
					"$(PROJECT_DIR)/../../third_party/build/occt/iphonesimulator/mac64/clang/lib",
					"$(PROJECT_DIR)/../../third_party/build/occt/install/iphoneos/lib",
					"$(PROJECT_DIR)/../../third_party/build/occt/install/iphonesimulator/lib",
				);
				MTL_ENABLE_DEBUG_INFO = NO;
				OTHER_LDFLAGS = (
					"$(inherited)",
					"-lTKernel",
					"-lTKMath",
					"-lTKG2d",
					"-lTKG3d",
					"-lTKGeomBase",
					"-lTKGeomAlgo",
					"-lTKBRep",
					"-lTKTopAlgo",
					"-lTKMesh",
					"-lTKService",
					"-lTKV3d",
					"-lTKOpenGles",
					"-lTKDE",
					"-lTKXSBase",
					"-lTKDESTEP",
					"-lTKBinL",
					"-lTKBin",
					"-lTKBinXCAF",
					"-lTKCAF",
					"-lTKCDF",
					"-lTKLCAF",
					"-lTKXCAF",
					"-lTKVCAF",
					"-lTKPrim",
					"-lTKShHealing",
					"-lTKHLR",
					"-lTKBO",
				);
				PRODUCT_BUNDLE_IDENTIFIER = com.hephcad.app;
				PRODUCT_NAME = "$(TARGET_NAME)";
				SWIFT_EMIT_LOC_STRINGS = YES;
				SWIFT_OBJC_BRIDGING_HEADER = "HephCADApp/HephCADApp-Bridging-Header.h";
				SWIFT_VERSION = 5.0;
			};
			name = Release;
		};
/* End XCBuildConfiguration section */

/* Begin XCConfigurationList section */
		A00800010000000000000001 /* Build configuration list for PBXNativeTarget "HephCADApp" */ = {
			isa = XCConfigurationList;
			buildConfigurations = (
				A00700010000000000000003 /* Debug */,
				A00700010000000000000004 /* Release */,
			);
			defaultConfigurationIsVisible = 0;
			defaultConfigurationName = Release;
		};
		A00800010000000000000002 /* Build configuration list for PBXProject "HephCADApp" */ = {
			isa = XCConfigurationList;
			buildConfigurations = (
				A00700010000000000000001 /* Debug */,
				A00700010000000000000002 /* Release */,
			);
			defaultConfigurationIsVisible = 0;
			defaultConfigurationName = Release;
		};
/* End XCConfigurationList section */
	};
	rootObject = A00600010000000000000001 /* Project object */;
}
